
Microsoft Visual Studio Solution File, Format Version 12.00
# Visual Studio Version 16
VisualStudioVersion = 16.0.31729.503
MinimumVisualStudioVersion = 10.0.40219.1
Project("{9A19103F-16F7-4668-BE54-9A1E7A4F7556}") = "Day01", "Day01\Day01.csproj", "{31FE9F08-A0A3-4E2F-B393-A8D3DAAF5ACC}"
EndProject
Project("{9A19103F-16F7-4668-BE54-9A1E7A4F7556}") = "Day02", "Day02\Day02.csproj", "{FEEDF5D1-529A-4AFB-93F4-258DC19DF09F}"
EndProject
Project("{9A19103F-16F7-4668-BE54-9A1E7A4F7556}") = "Day03", "Day03\Day03.csproj", "{4FD181E7-47EE-4F63-8167-FB0DCD8B2E4C}"
EndProject
Project("{9A19103F-16F7-4668-BE54-9A1E7A4F7556}") = "Day04", "Day04\Day04.csproj", "{2A72D3CB-52AD-43AC-82C3-E171FC04A607}"
EndProject
Project("{9A19103F-16F7-4668-BE54-9A1E7A4F7556}") = "Day05", "Day05\Day05.csproj", "{E29F1BEC-754D-4D1D-AA94-856FEF57B7C7}"
EndProject
Project("{9A19103F-16F7-4668-BE54-9A1E7A4F7556}") = "Day06", "Day06\Day06.csproj", "{D11DA5C2-100E-467F-8438-03D16F93444D}"
EndProject
Project("{9A19103F-16F7-4668-BE54-9A1E7A4F7556}") = "Day07", "Day07\Day07.csproj", "{66EFB884-D178-4FDD-8ED6-056E285B08A9}"
EndProject
Project("{9A19103F-16F7-4668-BE54-9A1E7A4F7556}") = "Day08", "Day08\Day08.csproj", "{7B7B1EBB-E2CE-464B-B437-902210BC516F}"
EndProject
Project("{9A19103F-16F7-4668-BE54-9A1E7A4F7556}") = "Day09", "Day09\Day09.csproj", "{6A776C0C-FBED-45A5-9656-5F70AB00159C}"
EndProject
Project("{9A19103F-16F7-4668-BE54-9A1E7A4F7556}") = "Day10", "Day10\Day10.csproj", "{785B2FF7-E2E7-45E7-85B1-83F2E17D5F40}"
EndProject
Project("{9A19103F-16F7-4668-BE54-9A1E7A4F7556}") = "Day11", "Day11\Day11.csproj", "{A5C780AC-566F-4237-818F-05BAE91E45D1}"
EndProject
Project("{9A19103F-16F7-4668-BE54-9A1E7A4F7556}") = "Day12", "Day12\Day12.csproj", "{CD1F8821-D966-4B5C-B216-F22C4EA8C11A}"
EndProject
Project("{9A19103F-16F7-4668-BE54-9A1E7A4F7556}") = "Day13", "Day13\Day13.csproj", "{859D0E43-4511-4C9D-87F7-C1BD3647AD24}"
EndProject
Project("{9A19103F-16F7-4668-BE54-9A1E7A4F7556}") = "Day14", "Day14\Day14.csproj", "{01DAC077-EFE7-41DC-A864-88B16C3D1ABD}"
EndProject
Project("{9A19103F-16F7-4668-BE54-9A1E7A4F7556}") = "Day15", "Day15\Day15.csproj", "{5BA9EEB2-B5A3-45F7-A6A0-1171CDBE42C8}"
EndProject
Project("{9A19103F-16F7-4668-BE54-9A1E7A4F7556}") = "Day16", "Day16\Day16.csproj", "{E1BAACCB-5613-4718-9F13-9C07419D1A8A}"
EndProject
Project("{9A19103F-16F7-4668-BE54-9A1E7A4F7556}") = "Day17", "Day17\Day17.csproj", "{1060A491-B5CF-4535-87E2-0E36DFE02527}"
EndProject
Project("{9A19103F-16F7-4668-BE54-9A1E7A4F7556}") = "Day18", "Day18\Day18.csproj", "{8A73A630-75A2-4F62-ABD4-15F7F93A7628}"
EndProject
Project("{9A19103F-16F7-4668-BE54-9A1E7A4F7556}") = "Day19", "Day19\Day19.csproj", "{0DD84F5B-7B48-4016-A7C6-7403392F009A}"
EndProject
Project("{9A19103F-16F7-4668-BE54-9A1E7A4F7556}") = "Day20", "Day20\Day20.csproj", "{EF68EE64-CF66-469A-AFCF-CC71D5A2BE59}"
EndProject
Project("{9A19103F-16F7-4668-BE54-9A1E7A4F7556}") = "Day21", "Day21\Day21.csproj", "{35E14808-EC72-411E-BD25-60BFF23DE4C1}"
EndProject
Project("{9A19103F-16F7-4668-BE54-9A1E7A4F7556}") = "Day22", "Day22\Day22.csproj", "{9E03E142-F01E-43E6-BFC9-757FC0D44DF6}"
EndProject
Project("{9A19103F-16F7-4668-BE54-9A1E7A4F7556}") = "Day23", "Day23\Day23.csproj", "{37CC3B75-E491-42FF-ADC9-C84335C1980A}"
EndProject
Project("{FAE04EC0-301F-11D3-BF4B-00C04F79EFBC}") = "Day24", "Day24\Day24.csproj", "{CC853EAB-D4E7-42A6-B426-962D3B3A0553}"
EndProject
Project("{FAE04EC0-301F-11D3-BF4B-00C04F79EFBC}") = "Day25", "Day25\Day25.csproj", "{A2896E64-049A-475C-AF7E-9DBDB73CFDAA}"
EndProject
Global
	GlobalSection(SolutionConfigurationPlatforms) = preSolution
		Debug|Any CPU = Debug|Any CPU
		Release|Any CPU = Release|Any CPU
	EndGlobalSection
	GlobalSection(ProjectConfigurationPlatforms) = postSolution
		{31FE9F08-A0A3-4E2F-B393-A8D3DAAF5ACC}.Debug|Any CPU.ActiveCfg = Debug|Any CPU
		{31FE9F08-A0A3-4E2F-B393-A8D3DAAF5ACC}.Debug|Any CPU.Build.0 = Debug|Any CPU
		{31FE9F08-A0A3-4E2F-B393-A8D3DAAF5ACC}.Release|Any CPU.ActiveCfg = Release|Any CPU
		{31FE9F08-A0A3-4E2F-B393-A8D3DAAF5ACC}.Release|Any CPU.Build.0 = Release|Any CPU
		{FEEDF5D1-529A-4AFB-93F4-258DC19DF09F}.Debug|Any CPU.ActiveCfg = Debug|Any CPU
		{FEEDF5D1-529A-4AFB-93F4-258DC19DF09F}.Debug|Any CPU.Build.0 = Debug|Any CPU
		{FEEDF5D1-529A-4AFB-93F4-258DC19DF09F}.Release|Any CPU.ActiveCfg = Release|Any CPU
		{FEEDF5D1-529A-4AFB-93F4-258DC19DF09F}.Release|Any CPU.Build.0 = Release|Any CPU
		{4FD181E7-47EE-4F63-8167-FB0DCD8B2E4C}.Debug|Any CPU.ActiveCfg = Debug|Any CPU
		{4FD181E7-47EE-4F63-8167-FB0DCD8B2E4C}.Debug|Any CPU.Build.0 = Debug|Any CPU
		{4FD181E7-47EE-4F63-8167-FB0DCD8B2E4C}.Release|Any CPU.ActiveCfg = Release|Any CPU
		{4FD181E7-47EE-4F63-8167-FB0DCD8B2E4C}.Release|Any CPU.Build.0 = Release|Any CPU
		{2A72D3CB-52AD-43AC-82C3-E171FC04A607}.Debug|Any CPU.ActiveCfg = Debug|Any CPU
		{2A72D3CB-52AD-43AC-82C3-E171FC04A607}.Debug|Any CPU.Build.0 = Debug|Any CPU
		{2A72D3CB-52AD-43AC-82C3-E171FC04A607}.Release|Any CPU.ActiveCfg = Release|Any CPU
		{2A72D3CB-52AD-43AC-82C3-E171FC04A607}.Release|Any CPU.Build.0 = Release|Any CPU
		{E29F1BEC-754D-4D1D-AA94-856FEF57B7C7}.Debug|Any CPU.ActiveCfg = Debug|Any CPU
		{E29F1BEC-754D-4D1D-AA94-856FEF57B7C7}.Debug|Any CPU.Build.0 = Debug|Any CPU
		{E29F1BEC-754D-4D1D-AA94-856FEF57B7C7}.Release|Any CPU.ActiveCfg = Release|Any CPU
		{E29F1BEC-754D-4D1D-AA94-856FEF57B7C7}.Release|Any CPU.Build.0 = Release|Any CPU
		{D11DA5C2-100E-467F-8438-03D16F93444D}.Debug|Any CPU.ActiveCfg = Debug|Any CPU
		{D11DA5C2-100E-467F-8438-03D16F93444D}.Debug|Any CPU.Build.0 = Debug|Any CPU
		{D11DA5C2-100E-467F-8438-03D16F93444D}.Release|Any CPU.ActiveCfg = Release|Any CPU
		{D11DA5C2-100E-467F-8438-03D16F93444D}.Release|Any CPU.Build.0 = Release|Any CPU
		{66EFB884-D178-4FDD-8ED6-056E285B08A9}.Debug|Any CPU.ActiveCfg = Debug|Any CPU
		{66EFB884-D178-4FDD-8ED6-056E285B08A9}.Debug|Any CPU.Build.0 = Debug|Any CPU
		{66EFB884-D178-4FDD-8ED6-056E285B08A9}.Release|Any CPU.ActiveCfg = Release|Any CPU
		{66EFB884-D178-4FDD-8ED6-056E285B08A9}.Release|Any CPU.Build.0 = Release|Any CPU
		{7B7B1EBB-E2CE-464B-B437-902210BC516F}.Debug|Any CPU.ActiveCfg = Debug|Any CPU
		{7B7B1EBB-E2CE-464B-B437-902210BC516F}.Debug|Any CPU.Build.0 = Debug|Any CPU
		{7B7B1EBB-E2CE-464B-B437-902210BC516F}.Release|Any CPU.ActiveCfg = Release|Any CPU
		{7B7B1EBB-E2CE-464B-B437-902210BC516F}.Release|Any CPU.Build.0 = Release|Any CPU
		{6A776C0C-FBED-45A5-9656-5F70AB00159C}.Debug|Any CPU.ActiveCfg = Debug|Any CPU
		{6A776C0C-FBED-45A5-9656-5F70AB00159C}.Debug|Any CPU.Build.0 = Debug|Any CPU
		{6A776C0C-FBED-45A5-9656-5F70AB00159C}.Release|Any CPU.ActiveCfg = Release|Any CPU
		{6A776C0C-FBED-45A5-9656-5F70AB00159C}.Release|Any CPU.Build.0 = Release|Any CPU
		{785B2FF7-E2E7-45E7-85B1-83F2E17D5F40}.Debug|Any CPU.ActiveCfg = Debug|Any CPU
		{785B2FF7-E2E7-45E7-85B1-83F2E17D5F40}.Debug|Any CPU.Build.0 = Debug|Any CPU
		{785B2FF7-E2E7-45E7-85B1-83F2E17D5F40}.Release|Any CPU.ActiveCfg = Release|Any CPU
		{785B2FF7-E2E7-45E7-85B1-83F2E17D5F40}.Release|Any CPU.Build.0 = Release|Any CPU
		{A5C780AC-566F-4237-818F-05BAE91E45D1}.Debug|Any CPU.ActiveCfg = Debug|Any CPU
		{A5C780AC-566F-4237-818F-05BAE91E45D1}.Debug|Any CPU.Build.0 = Debug|Any CPU
		{A5C780AC-566F-4237-818F-05BAE91E45D1}.Release|Any CPU.ActiveCfg = Release|Any CPU
		{A5C780AC-566F-4237-818F-05BAE91E45D1}.Release|Any CPU.Build.0 = Release|Any CPU
		{CD1F8821-D966-4B5C-B216-F22C4EA8C11A}.Debug|Any CPU.ActiveCfg = Debug|Any CPU
		{CD1F8821-D966-4B5C-B216-F22C4EA8C11A}.Debug|Any CPU.Build.0 = Debug|Any CPU
		{CD1F8821-D966-4B5C-B216-F22C4EA8C11A}.Release|Any CPU.ActiveCfg = Release|Any CPU
		{CD1F8821-D966-4B5C-B216-F22C4EA8C11A}.Release|Any CPU.Build.0 = Release|Any CPU
		{859D0E43-4511-4C9D-87F7-C1BD3647AD24}.Debug|Any CPU.ActiveCfg = Debug|Any CPU
		{859D0E43-4511-4C9D-87F7-C1BD3647AD24}.Debug|Any CPU.Build.0 = Debug|Any CPU
		{859D0E43-4511-4C9D-87F7-C1BD3647AD24}.Release|Any CPU.ActiveCfg = Release|Any CPU
		{859D0E43-4511-4C9D-87F7-C1BD3647AD24}.Release|Any CPU.Build.0 = Release|Any CPU
		{01DAC077-EFE7-41DC-A864-88B16C3D1ABD}.Debug|Any CPU.ActiveCfg = Debug|Any CPU
		{01DAC077-EFE7-41DC-A864-88B16C3D1ABD}.Debug|Any CPU.Build.0 = Debug|Any CPU
		{01DAC077-EFE7-41DC-A864-88B16C3D1ABD}.Release|Any CPU.ActiveCfg = Release|Any CPU
		{01DAC077-EFE7-41DC-A864-88B16C3D1ABD}.Release|Any CPU.Build.0 = Release|Any CPU
		{5BA9EEB2-B5A3-45F7-A6A0-1171CDBE42C8}.Debug|Any CPU.ActiveCfg = Debug|Any CPU
		{5BA9EEB2-B5A3-45F7-A6A0-1171CDBE42C8}.Debug|Any CPU.Build.0 = Debug|Any CPU
		{5BA9EEB2-B5A3-45F7-A6A0-1171CDBE42C8}.Release|Any CPU.ActiveCfg = Release|Any CPU
		{5BA9EEB2-B5A3-45F7-A6A0-1171CDBE42C8}.Release|Any CPU.Build.0 = Release|Any CPU
		{E1BAACCB-5613-4718-9F13-9C07419D1A8A}.Debug|Any CPU.ActiveCfg = Debug|Any CPU
		{E1BAACCB-5613-4718-9F13-9C07419D1A8A}.Debug|Any CPU.Build.0 = Debug|Any CPU
		{E1BAACCB-5613-4718-9F13-9C07419D1A8A}.Release|Any CPU.ActiveCfg = Release|Any CPU
		{E1BAACCB-5613-4718-9F13-9C07419D1A8A}.Release|Any CPU.Build.0 = Release|Any CPU
		{1060A491-B5CF-4535-87E2-0E36DFE02527}.Debug|Any CPU.ActiveCfg = Debug|Any CPU
		{1060A491-B5CF-4535-87E2-0E36DFE02527}.Debug|Any CPU.Build.0 = Debug|Any CPU
		{1060A491-B5CF-4535-87E2-0E36DFE02527}.Release|Any CPU.ActiveCfg = Release|Any CPU
		{1060A491-B5CF-4535-87E2-0E36DFE02527}.Release|Any CPU.Build.0 = Release|Any CPU
		{8A73A630-75A2-4F62-ABD4-15F7F93A7628}.Debug|Any CPU.ActiveCfg = Debug|Any CPU
		{8A73A630-75A2-4F62-ABD4-15F7F93A7628}.Debug|Any CPU.Build.0 = Debug|Any CPU
		{8A73A630-75A2-4F62-ABD4-15F7F93A7628}.Release|Any CPU.ActiveCfg = Release|Any CPU
		{8A73A630-75A2-4F62-ABD4-15F7F93A7628}.Release|Any CPU.Build.0 = Release|Any CPU
		{0DD84F5B-7B48-4016-A7C6-7403392F009A}.Debug|Any CPU.ActiveCfg = Debug|Any CPU
		{0DD84F5B-7B48-4016-A7C6-7403392F009A}.Debug|Any CPU.Build.0 = Debug|Any CPU
		{0DD84F5B-7B48-4016-A7C6-7403392F009A}.Release|Any CPU.ActiveCfg = Release|Any CPU
		{0DD84F5B-7B48-4016-A7C6-7403392F009A}.Release|Any CPU.Build.0 = Release|Any CPU
		{EF68EE64-CF66-469A-AFCF-CC71D5A2BE59}.Debug|Any CPU.ActiveCfg = Debug|Any CPU
		{EF68EE64-CF66-469A-AFCF-CC71D5A2BE59}.Debug|Any CPU.Build.0 = Debug|Any CPU
		{EF68EE64-CF66-469A-AFCF-CC71D5A2BE59}.Release|Any CPU.ActiveCfg = Release|Any CPU
		{EF68EE64-CF66-469A-AFCF-CC71D5A2BE59}.Release|Any CPU.Build.0 = Release|Any CPU
		{35E14808-EC72-411E-BD25-60BFF23DE4C1}.Debug|Any CPU.ActiveCfg = Debug|Any CPU
		{35E14808-EC72-411E-BD25-60BFF23DE4C1}.Debug|Any CPU.Build.0 = Debug|Any CPU
		{35E14808-EC72-411E-BD25-60BFF23DE4C1}.Release|Any CPU.ActiveCfg = Release|Any CPU
		{35E14808-EC72-411E-BD25-60BFF23DE4C1}.Release|Any CPU.Build.0 = Release|Any CPU
		{9E03E142-F01E-43E6-BFC9-757FC0D44DF6}.Debug|Any CPU.ActiveCfg = Debug|Any CPU
		{9E03E142-F01E-43E6-BFC9-757FC0D44DF6}.Debug|Any CPU.Build.0 = Debug|Any CPU
		{9E03E142-F01E-43E6-BFC9-757FC0D44DF6}.Release|Any CPU.ActiveCfg = Release|Any CPU
		{9E03E142-F01E-43E6-BFC9-757FC0D44DF6}.Release|Any CPU.Build.0 = Release|Any CPU
		{37CC3B75-E491-42FF-ADC9-C84335C1980A}.Debug|Any CPU.ActiveCfg = Debug|Any CPU
		{37CC3B75-E491-42FF-ADC9-C84335C1980A}.Debug|Any CPU.Build.0 = Debug|Any CPU
		{37CC3B75-E491-42FF-ADC9-C84335C1980A}.Release|Any CPU.ActiveCfg = Release|Any CPU
		{37CC3B75-E491-42FF-ADC9-C84335C1980A}.Release|Any CPU.Build.0 = Release|Any CPU
		{CC853EAB-D4E7-42A6-B426-962D3B3A0553}.Debug|Any CPU.ActiveCfg = Debug|Any CPU
		{CC853EAB-D4E7-42A6-B426-962D3B3A0553}.Debug|Any CPU.Build.0 = Debug|Any CPU
		{CC853EAB-D4E7-42A6-B426-962D3B3A0553}.Release|Any CPU.ActiveCfg = Release|Any CPU
		{CC853EAB-D4E7-42A6-B426-962D3B3A0553}.Release|Any CPU.Build.0 = Release|Any CPU
		{A2896E64-049A-475C-AF7E-9DBDB73CFDAA}.Debug|Any CPU.ActiveCfg = Debug|Any CPU
		{A2896E64-049A-475C-AF7E-9DBDB73CFDAA}.Debug|Any CPU.Build.0 = Debug|Any CPU
		{A2896E64-049A-475C-AF7E-9DBDB73CFDAA}.Release|Any CPU.ActiveCfg = Release|Any CPU
		{A2896E64-049A-475C-AF7E-9DBDB73CFDAA}.Release|Any CPU.Build.0 = Release|Any CPU
	EndGlobalSection
	GlobalSection(SolutionProperties) = preSolution
		HideSolutionNode = FALSE
	EndGlobalSection
	GlobalSection(ExtensibilityGlobals) = postSolution
		SolutionGuid = {814E2A14-AAC6-4533-ACBD-051BE52650D9}
	EndGlobalSection
EndGlobal
